// !$*UTF8*$!
{
	archiveVersion = 1;
	classes = {
	};
	objectVersion = 46;
	objects = {

		CD3E679DC1C00F2C32534E4A = {isa = PBXBuildFile; fileRef = 50F2A868885FEF4AA7625058; };
		1939D9876FAB913ADA99E207 = {isa = PBXBuildFile; fileRef = CFD4C3771AB388DC1B7B45DA; };
		8A7EEB01195832ECE5D46730 = {isa = PBXBuildFile; fileRef = 7349A6C36738586589E65738; };
		2F82228913A3B5881ACB109E = {isa = PBXBuildFile; fileRef = 1338D22AE82635D06B82FB26; };
		E8E95896681F37005B34C867 = {isa = PBXBuildFile; fileRef = 2349D44D286DC25B7AB0EEF9; };
		3377AB94DF4385402E7F52E9 = {isa = PBXBuildFile; fileRef = A1369CF38B58CD82ED922741; };
		EB988020185ED35628751A59 = {isa = PBXBuildFile; fileRef = 87AF76DD1351DB2DFC5B7C60; };
		0EB3676A79A5C905D24C7A35 = {isa = PBXBuildFile; fileRef = D9F04A05BC31883AF022CE71; };
		0F10EAF514F5A34634BE1F8A = {isa = PBXBuildFile; fileRef = C26EDAFBD1A65D8AA5EB6675; };
		70F2CDE50C12AEA2FE393FBD = {isa = PBXBuildFile; fileRef = FC6B201A5323E9007D535521; };
		8E7854093321DDF0C43F9A4F = {isa = PBXBuildFile; fileRef = C0F68137C08CD8CF6650CF51; };
		1E26C0FD9AAB215F5DBC1984 = {isa = PBXBuildFile; fileRef = 445578FBC03104A8A41A2FC9; };
		C96A628BCB5A55E979D45516 = {isa = PBXBuildFile; fileRef = C78B73AFECF073BF616F40C7; };
		44360B1F133B1361B87A6428 = {isa = PBXBuildFile; fileRef = 265B0A3CC6D28302FCE4395E; };
		814C4F7E2BC187872BEE32C6 = {isa = PBXBuildFile; fileRef = CE1374D090C1A97FB22C91EC; };
		37A06558530131F28D668C42 = {isa = PBXBuildFile; fileRef = 55D74953C897E10BBFBA8971; };
		AC64ABD1A35970A313B8F7FC = {isa = PBXBuildFile; fileRef = 9A6C3ADDC925FDAB54153F5F; };
		8BC345901C20E57AF4C52534 = {isa = PBXBuildFile; fileRef = AE5DF13685823D2C2E0ED725; };
		B941A465F72D920CB3016260 = {isa = PBXBuildFile; fileRef = 1D524B6D39072D34BC91141A; };
		AA3CCAC932C099291F2DAD47 = {isa = PBXBuildFile; fileRef = 537326599FD960DA248FEA7C; };
		C98DB73DF8AE6BF2E74F4641 = {isa = PBXBuildFile; fileRef = 63B32AC3AEB07BDEDAFEBE0D; };
		5B67B5C7CAD02F1AC50243E7 = {isa = PBXBuildFile; fileRef = 4D152AA590C09A2D066AAD83; };
		46CBD5E49E69A38243318C12 = {isa = PBXBuildFile; fileRef = 371B89A700AE2A0234D52BC2; };
		66744A1EBF2F9237CCE8E966 = {isa = PBXBuildFile; fileRef = 5088CDCCB72A8A4F8FB85218; };
		CCD09A618D0171AB0125DCD0 = {isa = PBXBuildFile; fileRef = 3188528AEBA30B20FBCFAE05; };
		6B27634DD610CA1F4ADBBC5C = {isa = PBXBuildFile; fileRef = 55A3609C1F61E8D4B0885C5F; };
		E646359C70849F131D57F002 = {isa = PBXBuildFile; fileRef = 04C3A6DBC518561A19E0D51C; };
		EBD09CDF59BAE55E483A715E = {isa = PBXBuildFile; fileRef = D002A4D14637BEB4BBAABC78; };
		FC88EEEB327ADE7B8C39F7F5 = {isa = PBXBuildFile; fileRef = C1E89058EAE309ABD4732690; };
		39AC38520AE20E128B2D2E4A = {isa = PBXBuildFile; fileRef = F20BF046367E9E6211885131; };
		827E201552C8CD48DE44D8DE = {isa = PBXBuildFile; fileRef = 3FDC65187ACF73BB3E3E9F24; };
		58160057CBC79CFEC95A2B48 = {isa = PBXBuildFile; fileRef = 011B429FDDE04A0ED66C49BC; };
		2730CEEEA9C32E6D9847A404 = {isa = PBXBuildFile; fileRef = 99A1E06AB96B59C211D41F38; };
		BD724BD40F1511050A19FE0D = {isa = PBXBuildFile; fileRef = B8C7ABBA273135847BF31331; };
		1DA73AEC0C0D39F689747806 = {isa = PBXBuildFile; fileRef = D4E00E6457D936E72AAEB274; };
		E945252425E20BF72CF16DB1 = {isa = PBXBuildFile; fileRef = 09730A271AEFBC7910FE30F6; };
		FB3F6AC66514A6563A5D71D1 = {isa = PBXBuildFile; fileRef = 376693F85B8AE980C7D5FCF4; };
		4446372518FA43789BCC9CA6 = {isa = PBXBuildFile; fileRef = 35AB1F5F9F8BDCC5E21C69CB; };
		CFF63788CF0A441BA9802375 = {isa = PBXBuildFile; fileRef = F7E48E39EDECA0F2A2BE895E; };
		2A871480000FF0A4FBA8003B = {isa = PBXBuildFile; fileRef = 9489C365CC70F0E520482FAE; };
		4C0C1BD6027D660D538FA24F = {isa = PBXBuildFile; fileRef = 236A5AD49079F60087967583; };
		E84B0ECFB54E200115641574 = {isa = PBXBuildFile; fileRef = F6E4779142B5521861A6C7DB; };
		8FEAE4196F98DB9307D52AF6 = {isa = PBXBuildFile; fileRef = 6467727DDE41DCCEE23530E6; };
		42D697848D6375159D1BE6FD = {isa = PBXBuildFile; fileRef = F9ACA9756A8964F6E0C8246C; };
		304B30C1E15F6E112CFAACE1 = {isa = PBXBuildFile; fileRef = 6E7112FB38EBC5CA706C36C2; };
		16368E48A7244BB073868021 = {isa = PBXBuildFile; fileRef = E30DE61866DBA90076460139; };
		011B429FDDE04A0ED66C49BC = {isa = PBXFileReference; lastKnownFileType = sourcecode.cpp.objcpp; name = "include_juce_audio_devices.mm"; path = "../../JuceLibraryCode/include_juce_audio_devices.mm"; sourceTree = "SOURCE_ROOT"; };
		04C3A6DBC518561A19E0D51C = {isa = PBXFileReference; lastKnownFileType = sourcecode.cpp.cpp; name = NestedAudioProcessorFormat.cpp; path = ../../Source/Processors/NestedAudioProcessorFormat.cpp; sourceTree = "SOURCE_ROOT"; };
		09730A271AEFBC7910FE30F6 = {isa = PBXFileReference; lastKnownFileType = sourcecode.cpp.cpp; name = "include_juce_audio_plugin_client_utils.cpp"; path = "../../JuceLibraryCode/include_juce_audio_plugin_client_utils.cpp"; sourceTree = "SOURCE_ROOT"; };
		12C2589A0A02556B3B26D958 = {isa = PBXFileReference; lastKnownFileType = file; name = "juce_events"; path = "/Users/jonathon/Projects/MobileMix/External/JUCE/modules/juce_events"; sourceTree = "<absolute>"; };
		1338D22AE82635D06B82FB26 = {isa = PBXFileReference; lastKnownFileType = wrapper.framework; name = Accelerate.framework; path = System/Library/Frameworks/Accelerate.framework; sourceTree = SDKROOT; };
		14A02013B1C7FD38123E5013 = {isa = PBXFileReference; lastKnownFileType = sourcecode.c.h; name = LinearAudioProcessorModule.h; path = ../../Source/Processors/LinearAudioProcessorModule.h; sourceTree = "SOURCE_ROOT"; };
		1A58ACD1145D9EF0BEC04DA9 = {isa = PBXFileReference; lastKnownFileType = file; name = "juce_audio_formats"; path = "/Users/jonathon/Projects/MobileMix/External/JUCE/modules/juce_audio_formats"; sourceTree = "<absolute>"; };
		1AD4117AA9B9FA705BE5E1AD = {isa = PBXFileReference; lastKnownFileType = file; name = "juce_audio_utils"; path = "/Users/jonathon/Projects/MobileMix/External/JUCE/modules/juce_audio_utils"; sourceTree = "<absolute>"; };
		1D524B6D39072D34BC91141A = {isa = PBXFileReference; lastKnownFileType = sourcecode.cpp.cpp; name = DraggableTabbedComponent.cpp; path = ../../Source/GUI/DraggableTabbedComponent.cpp; sourceTree = "SOURCE_ROOT"; };
		2349D44D286DC25B7AB0EEF9 = {isa = PBXFileReference; lastKnownFileType = wrapper.framework; name = AudioToolbox.framework; path = System/Library/Frameworks/AudioToolbox.framework; sourceTree = SDKROOT; };
		236A5AD49079F60087967583 = {isa = PBXFileReference; lastKnownFileType = sourcecode.cpp.objcpp; name = "include_juce_data_structures.mm"; path = "../../JuceLibraryCode/include_juce_data_structures.mm"; sourceTree = "SOURCE_ROOT"; };
		265B0A3CC6D28302FCE4395E = {isa = PBXFileReference; lastKnownFileType = wrapper.framework; name = IOKit.framework; path = System/Library/Frameworks/IOKit.framework; sourceTree = SDKROOT; };
		27DD2E2F6DA401FF2D56F668 = {isa = PBXFileReference; lastKnownFileType = sourcecode.c.h; name = LinearAudioProcessorGraph.h; path = ../../Source/Processors/LinearAudioProcessorGraph.h; sourceTree = "SOURCE_ROOT"; };
		3188528AEBA30B20FBCFAE05 = {isa = PBXFileReference; lastKnownFileType = sourcecode.cpp.cpp; name = LinearAudioProcessorModuleEditor.cpp; path = ../../Source/Processors/LinearAudioProcessorModuleEditor.cpp; sourceTree = "SOURCE_ROOT"; };
		340029BC088A8071F29CF7CB = {isa = PBXFileReference; lastKnownFileType = sourcecode.c.h; name = Math.h; path = ../../Source/DSP/Math.h; sourceTree = "SOURCE_ROOT"; };
		357295632C6873C1E0C126FD = {isa = PBXFileReference; lastKnownFileType = sourcecode.c.h; name = DraggableTabbedComponent.h; path = ../../Source/GUI/DraggableTabbedComponent.h; sourceTree = "SOURCE_ROOT"; };
		35AB1F5F9F8BDCC5E21C69CB = {isa = PBXFileReference; lastKnownFileType = sourcecode.cpp.objcpp; name = "include_juce_audio_processors.mm"; path = "../../JuceLibraryCode/include_juce_audio_processors.mm"; sourceTree = "SOURCE_ROOT"; };
		371B89A700AE2A0234D52BC2 = {isa = PBXFileReference; lastKnownFileType = sourcecode.cpp.cpp; name = LinearAudioProcessorGraphEditor.cpp; path = ../../Source/Processors/LinearAudioProcessorGraphEditor.cpp; sourceTree = "SOURCE_ROOT"; };
		376693F85B8AE980C7D5FCF4 = {isa = PBXFileReference; lastKnownFileType = sourcecode.cpp.objcpp; name = "include_juce_audio_plugin_client_VST_utils.mm"; path = "../../JuceLibraryCode/include_juce_audio_plugin_client_VST_utils.mm"; sourceTree = "SOURCE_ROOT"; };
		3FDC65187ACF73BB3E3E9F24 = {isa = PBXFileReference; lastKnownFileType = sourcecode.cpp.objcpp; name = "include_juce_audio_basics.mm"; path = "../../JuceLibraryCode/include_juce_audio_basics.mm"; sourceTree = "SOURCE_ROOT"; };
		4378D8D3180B39217038BD2C = {isa = PBXFileReference; lastKnownFileType = sourcecode.c.h; name = GainProcessorEditor.h; path = ../../Source/Processors/GainProcessorEditor.h; sourceTree = "SOURCE_ROOT"; };
		445578FBC03104A8A41A2FC9 = {isa = PBXFileReference; lastKnownFileType = wrapper.framework; name = CoreMIDI.framework; path = System/Library/Frameworks/CoreMIDI.framework; sourceTree = SDKROOT; };
		469BA64108D307E570C9E7A2 = {isa = PBXFileReference; lastKnownFileType = sourcecode.c.h; name = ScreenResolutionConstants.h; path = ../../Source/ScreenResolutionConstants.h; sourceTree = "SOURCE_ROOT"; };
		47A19186A486B0B72E4ACBB6 = {isa = PBXFileReference; lastKnownFileType = file; name = "juce_gui_extra"; path = "/Users/jonathon/Projects/MobileMix/External/JUCE/modules/juce_gui_extra"; sourceTree = "<absolute>"; };
		4D152AA590C09A2D066AAD83 = {isa = PBXFileReference; lastKnownFileType = sourcecode.cpp.cpp; name = LinearAudioProcessorGraph.cpp; path = ../../Source/Processors/LinearAudioProcessorGraph.cpp; sourceTree = "SOURCE_ROOT"; };
		5088CDCCB72A8A4F8FB85218 = {isa = PBXFileReference; lastKnownFileType = sourcecode.cpp.cpp; name = LinearAudioProcessorModule.cpp; path = ../../Source/Processors/LinearAudioProcessorModule.cpp; sourceTree = "SOURCE_ROOT"; };
		50F2A868885FEF4AA7625058 = {isa = PBXFileReference; explicitFileType = "wrapper.app-extension"; includeInIndex = 0; path = MobileMix.appex; sourceTree = "BUILT_PRODUCTS_DIR"; };
		537326599FD960DA248FEA7C = {isa = PBXFileReference; lastKnownFileType = sourcecode.cpp.cpp; name = GainProcessor.cpp; path = ../../Source/Processors/GainProcessor.cpp; sourceTree = "SOURCE_ROOT"; };
		55A3609C1F61E8D4B0885C5F = {isa = PBXFileReference; lastKnownFileType = sourcecode.cpp.cpp; name = MobileMixAudioProcessorFormat.cpp; path = ../../Source/Processors/MobileMixAudioProcessorFormat.cpp; sourceTree = "SOURCE_ROOT"; };
		55D74953C897E10BBFBA8971 = {isa = PBXFileReference; lastKnownFileType = wrapper.framework; name = WebKit.framework; path = System/Library/Frameworks/WebKit.framework; sourceTree = SDKROOT; };
		564BC65C35D1CCA9587345FA = {isa = PBXFileReference; lastKnownFileType = sourcecode.c.h; name = AppConfig.h; path = ../../JuceLibraryCode/AppConfig.h; sourceTree = "SOURCE_ROOT"; };
		5DA7895B1E68B90FDEB2BB77 = {isa = PBXFileReference; lastKnownFileType = sourcecode.c.h; name = SingleThreadRingBuffer.h; path = ../../Source/Containers/SingleThreadRingBuffer.h; sourceTree = "SOURCE_ROOT"; };
		63B32AC3AEB07BDEDAFEBE0D = {isa = PBXFileReference; lastKnownFileType = sourcecode.cpp.cpp; name = GainProcessorEditor.cpp; path = ../../Source/Processors/GainProcessorEditor.cpp; sourceTree = "SOURCE_ROOT"; };
		6467727DDE41DCCEE23530E6 = {isa = PBXFileReference; lastKnownFileType = sourcecode.cpp.objcpp; name = "include_juce_events.mm"; path = "../../JuceLibraryCode/include_juce_events.mm"; sourceTree = "SOURCE_ROOT"; };
		6E51ACF27A541254792B6891 = {isa = PBXFileReference; lastKnownFileType = sourcecode.c.h; name = BufferSizeAdaptor.h; path = ../../Source/DSP/BufferSizeAdaptor.h; sourceTree = "SOURCE_ROOT"; };
		6E7112FB38EBC5CA706C36C2 = {isa = PBXFileReference; lastKnownFileType = sourcecode.cpp.objcpp; name = "include_juce_gui_basics.mm"; path = "../../JuceLibraryCode/include_juce_gui_basics.mm"; sourceTree = "SOURCE_ROOT"; };
		78F4E4575BDD49FE499BF36B = {isa = PBXFileReference; lastKnownFileType = sourcecode.c.h; name = LinearAudioProcessorModuleEditor.h; path = ../../Source/Processors/LinearAudioProcessorModuleEditor.h; sourceTree = "SOURCE_ROOT"; };
		7FF109EAD24E45C4ECF3DB55 = {isa = PBXFileReference; lastKnownFileType = file; name = "juce_data_structures"; path = "/Users/jonathon/Projects/MobileMix/External/JUCE/modules/juce_data_structures"; sourceTree = "<absolute>"; };
		828FA4025CE70F357905007B = {isa = PBXFileReference; lastKnownFileType = sourcecode.c.h; name = NestedAudioProcessorInstance.h; path = ../../Source/Processors/NestedAudioProcessorInstance.h; sourceTree = "SOURCE_ROOT"; };
		867D2EBA31CD3A1E911A1986 = {isa = PBXFileReference; lastKnownFileType = text.plist.xml; name = MobileMix.entitlements; path = MobileMix.entitlements; sourceTree = "SOURCE_ROOT"; };
		87AF76DD1351DB2DFC5B7C60 = {isa = PBXFileReference; lastKnownFileType = wrapper.framework; name = AVFoundation.framework; path = System/Library/Frameworks/AVFoundation.framework; sourceTree = SDKROOT; };
		8C4F88F02A12498AB30BBBDD = {isa = PBXFileReference; lastKnownFileType = file; name = "juce_graphics"; path = "/Users/jonathon/Projects/MobileMix/External/JUCE/modules/juce_graphics"; sourceTree = "<absolute>"; };
		8CFE702877EB4D887DF48FDF = {isa = PBXFileReference; lastKnownFileType = sourcecode.c.h; name = PhaseInvert.h; path = ../../Source/DSP/PhaseInvert.h; sourceTree = "SOURCE_ROOT"; };
		8EF6906D3B90D2CB1785C240 = {isa = PBXFileReference; lastKnownFileType = sourcecode.c.h; name = PluginProcessor.h; path = ../../Source/PluginProcessor.h; sourceTree = "SOURCE_ROOT"; };
		927D28E647BF25EA83B3C986 = {isa = PBXFileReference; lastKnownFileType = sourcecode.c.h; name = JuceHeader.h; path = ../../JuceLibraryCode/JuceHeader.h; sourceTree = "SOURCE_ROOT"; };
		9489C365CC70F0E520482FAE = {isa = PBXFileReference; lastKnownFileType = sourcecode.cpp.objcpp; name = "include_juce_core.mm"; path = "../../JuceLibraryCode/include_juce_core.mm"; sourceTree = "SOURCE_ROOT"; };
		94F14ECF4920362D5DD2CAE2 = {isa = PBXFileReference; lastKnownFileType = sourcecode.c.h; name = DraggableTabBarButton.h; path = ../../Source/GUI/DraggableTabBarButton.h; sourceTree = "SOURCE_ROOT"; };
		99A1E06AB96B59C211D41F38 = {isa = PBXFileReference; lastKnownFileType = sourcecode.cpp.objcpp; name = "include_juce_audio_formats.mm"; path = "../../JuceLibraryCode/include_juce_audio_formats.mm"; sourceTree = "SOURCE_ROOT"; };
		9A6C3ADDC925FDAB54153F5F = {isa = PBXFileReference; lastKnownFileType = file.nib; name = RecentFilesMenuTemplate.nib; path = RecentFilesMenuTemplate.nib; sourceTree = "SOURCE_ROOT"; };
		9D24DA9B29DA0E294C2570A2 = {isa = PBXFileReference; lastKnownFileType = sourcecode.c.h; name = PitchShift.h; path = ../../Source/DSP/PitchShift.h; sourceTree = "SOURCE_ROOT"; };
		A1369CF38B58CD82ED922741 = {isa = PBXFileReference; lastKnownFileType = wrapper.framework; name = AudioUnit.framework; path = System/Library/Frameworks/AudioUnit.framework; sourceTree = SDKROOT; };
		AB174FBFF6D0BF832083BD70 = {isa = PBXFileReference; lastKnownFileType = sourcecode.c.h; name = DSPKernel.h; path = ../../Source/DSP/DSPKernel.h; sourceTree = "SOURCE_ROOT"; };
		AB4293AF63BD54B609E2F78E = {isa = PBXFileReference; lastKnownFileType = text.plist.xml; name = "Info-AUv3_AppExtension.plist"; path = "Info-AUv3_AppExtension.plist"; sourceTree = "SOURCE_ROOT"; };
		AE5DF13685823D2C2E0ED725 = {isa = PBXFileReference; lastKnownFileType = sourcecode.cpp.cpp; name = DraggableTabBarButton.cpp; path = ../../Source/GUI/DraggableTabBarButton.cpp; sourceTree = "SOURCE_ROOT"; };
		B0558CFAFF933E4DFE57F741 = {isa = PBXFileReference; lastKnownFileType = sourcecode.c.h; name = MobileMixAudioProcessorFormat.h; path = ../../Source/Processors/MobileMixAudioProcessorFormat.h; sourceTree = "SOURCE_ROOT"; };
		B1FEB49DBA9BA3DE6C1E2197 = {isa = PBXFileReference; lastKnownFileType = sourcecode.c.h; name = Gain.h; path = ../../Source/DSP/Gain.h; sourceTree = "SOURCE_ROOT"; };
		C0F68137C08CD8CF6650CF51 = {isa = PBXFileReference; lastKnownFileType = wrapper.framework; name = CoreAudioKit.framework; path = System/Library/Frameworks/CoreAudioKit.framework; sourceTree = SDKROOT; };
		CD226FE50E8B48D1D94D6965 = {isa = PBXFileReference; lastKnownFileType = sourcecode.c.h; name = NestedAudioProcessorFormat.h; path = ../../Source/Processors/NestedAudioProcessorFormat.h; sourceTree = "SOURCE_ROOT"; };
		CFD4C3771AB388DC1B7B45DA = {isa = PBXFileReference; explicitFileType = wrapper.application; includeInIndex = 0; path = MobileMix.app; sourceTree = "BUILT_PRODUCTS_DIR"; };
		7349A6C36738586589E65738 = {isa = PBXFileReference; explicitFileType = archive.ar; includeInIndex = 0; path = libMobileMix.a; sourceTree = "BUILT_PRODUCTS_DIR"; };
		8857E002BE326B97EED87E84 = {isa = PBXFileReference; lastKnownFileType = sourcecode.c.h; name = LinearAudioProcessorGraphEditor.h; path = ../../Source/Processors/LinearAudioProcessorGraphEditor.h; sourceTree = "SOURCE_ROOT"; };
		A00E1E5A0E31924CAC7A09D9 = {isa = PBXFileReference; lastKnownFileType = file; name = "juce_audio_processors"; path = "/Users/jonathon/Projects/MobileMix/External/JUCE/modules/juce_audio_processors"; sourceTree = "<absolute>"; };
		B8C7ABBA273135847BF31331 = {isa = PBXFileReference; lastKnownFileType = sourcecode.cpp.objcpp; name = "include_juce_audio_plugin_client_AUv3.mm"; path = "../../JuceLibraryCode/include_juce_audio_plugin_client_AUv3.mm"; sourceTree = "SOURCE_ROOT"; };
		BFD2B1F3C5870267C5E7A4AC = {isa = PBXFileReference; lastKnownFileType = file; name = "juce_audio_plugin_client"; path = "/Users/jonathon/Projects/MobileMix/External/JUCE/modules/juce_audio_plugin_client"; sourceTree = "<absolute>"; };
		C0F6F07C04138E79906FB629 = {isa = PBXFileReference; lastKnownFileType = sourcecode.c.h; name = GainProcessor.h; path = ../../Source/Processors/GainProcessor.h; sourceTree = "SOURCE_ROOT"; };
		C1E89058EAE309ABD4732690 = {isa = PBXFileReference; lastKnownFileType = sourcecode.cpp.cpp; name = PluginProcessor.cpp; path = ../../Source/PluginProcessor.cpp; sourceTree = "SOURCE_ROOT"; };
		C26EDAFBD1A65D8AA5EB6675 = {isa = PBXFileReference; lastKnownFileType = wrapper.framework; name = Cocoa.framework; path = System/Library/Frameworks/Cocoa.framework; sourceTree = SDKROOT; };
		C78B73AFECF073BF616F40C7 = {isa = PBXFileReference; lastKnownFileType = wrapper.framework; name = DiscRecording.framework; path = System/Library/Frameworks/DiscRecording.framework; sourceTree = SDKROOT; };
		C8322E20F8F98B690607ABF7 = {isa = PBXFileReference; lastKnownFileType = file; name = "juce_gui_basics"; path = "/Users/jonathon/Projects/MobileMix/External/JUCE/modules/juce_gui_basics"; sourceTree = "<absolute>"; };
		CE1374D090C1A97FB22C91EC = {isa = PBXFileReference; lastKnownFileType = wrapper.framework; name = QuartzCore.framework; path = System/Library/Frameworks/QuartzCore.framework; sourceTree = SDKROOT; };
		CFD5B67C1D789CAB39A9CC49 = {isa = PBXFileReference; lastKnownFileType = sourcecode.c.h; name = PluginEditor.h; path = ../../Source/PluginEditor.h; sourceTree = "SOURCE_ROOT"; };
		D002A4D14637BEB4BBAABC78 = {isa = PBXFileReference; lastKnownFileType = sourcecode.cpp.cpp; name = NestedAudioProcessorInstance.cpp; path = ../../Source/Processors/NestedAudioProcessorInstance.cpp; sourceTree = "SOURCE_ROOT"; };
		D4E00E6457D936E72AAEB274 = {isa = PBXFileReference; lastKnownFileType = sourcecode.cpp.cpp; name = "include_juce_audio_plugin_client_Standalone.cpp"; path = "../../JuceLibraryCode/include_juce_audio_plugin_client_Standalone.cpp"; sourceTree = "SOURCE_ROOT"; };
		D7FE6DE28CC7A72B2F1DFCA5 = {isa = PBXFileReference; lastKnownFileType = file; name = "juce_audio_devices"; path = "/Users/jonathon/Projects/MobileMix/External/JUCE/modules/juce_audio_devices"; sourceTree = "<absolute>"; };
		D9F04A05BC31883AF022CE71 = {isa = PBXFileReference; lastKnownFileType = wrapper.framework; name = Carbon.framework; path = System/Library/Frameworks/Carbon.framework; sourceTree = SDKROOT; };
		E30DE61866DBA90076460139 = {isa = PBXFileReference; lastKnownFileType = sourcecode.cpp.objcpp; name = "include_juce_gui_extra.mm"; path = "../../JuceLibraryCode/include_juce_gui_extra.mm"; sourceTree = "SOURCE_ROOT"; };
		EC6AA9884203BFFD1A7C81FE = {isa = PBXFileReference; lastKnownFileType = file; name = "juce_core"; path = "/Users/jonathon/Projects/MobileMix/External/JUCE/modules/juce_core"; sourceTree = "<absolute>"; };
		EFAE43C1EBC42B22781F7FFF = {isa = PBXFileReference; lastKnownFileType = file; name = "juce_dsp"; path = "/Users/jonathon/Projects/MobileMix/External/JUCE/modules/juce_dsp"; sourceTree = "<absolute>"; };
		F20BF046367E9E6211885131 = {isa = PBXFileReference; lastKnownFileType = sourcecode.cpp.cpp; name = PluginEditor.cpp; path = ../../Source/PluginEditor.cpp; sourceTree = "SOURCE_ROOT"; };
		F40486353525FC269A74ACEC = {isa = PBXFileReference; lastKnownFileType = file; name = "juce_audio_basics"; path = "/Users/jonathon/Projects/MobileMix/External/JUCE/modules/juce_audio_basics"; sourceTree = "<absolute>"; };
		F6E4779142B5521861A6C7DB = {isa = PBXFileReference; lastKnownFileType = sourcecode.cpp.objcpp; name = "include_juce_dsp.mm"; path = "../../JuceLibraryCode/include_juce_dsp.mm"; sourceTree = "SOURCE_ROOT"; };
		F7E48E39EDECA0F2A2BE895E = {isa = PBXFileReference; lastKnownFileType = sourcecode.cpp.objcpp; name = "include_juce_audio_utils.mm"; path = "../../JuceLibraryCode/include_juce_audio_utils.mm"; sourceTree = "SOURCE_ROOT"; };
		F9ACA9756A8964F6E0C8246C = {isa = PBXFileReference; lastKnownFileType = sourcecode.cpp.objcpp; name = "include_juce_graphics.mm"; path = "../../JuceLibraryCode/include_juce_graphics.mm"; sourceTree = "SOURCE_ROOT"; };
		FC6B201A5323E9007D535521 = {isa = PBXFileReference; lastKnownFileType = wrapper.framework; name = CoreAudio.framework; path = System/Library/Frameworks/CoreAudio.framework; sourceTree = SDKROOT; };
		FE6847B3D788F06B76159E4A = {isa = PBXFileReference; lastKnownFileType = text.plist.xml; name = "Info-Standalone_Plugin.plist"; path = "Info-Standalone_Plugin.plist"; sourceTree = "SOURCE_ROOT"; };
		86887FC76D731EA22F920835 = {isa = PBXGroup; children = (
					AE5DF13685823D2C2E0ED725,
					94F14ECF4920362D5DD2CAE2,
					1D524B6D39072D34BC91141A,
					357295632C6873C1E0C126FD, ); name = GUI; sourceTree = "<group>"; };
		873123984E6894756F92D29D = {isa = PBXGroup; children = (
					537326599FD960DA248FEA7C,
					C0F6F07C04138E79906FB629,
					63B32AC3AEB07BDEDAFEBE0D,
					4378D8D3180B39217038BD2C,
					4D152AA590C09A2D066AAD83,
					27DD2E2F6DA401FF2D56F668,
					371B89A700AE2A0234D52BC2,
					8857E002BE326B97EED87E84,
					5088CDCCB72A8A4F8FB85218,
					14A02013B1C7FD38123E5013,
					3188528AEBA30B20FBCFAE05,
					78F4E4575BDD49FE499BF36B,
					55A3609C1F61E8D4B0885C5F,
					B0558CFAFF933E4DFE57F741,
					04C3A6DBC518561A19E0D51C,
					CD226FE50E8B48D1D94D6965,
					D002A4D14637BEB4BBAABC78,
					828FA4025CE70F357905007B, ); name = Processors; sourceTree = "<group>"; };
		E135EB2F3498B2D0CDA2E037 = {isa = PBXGroup; children = (
					5DA7895B1E68B90FDEB2BB77, ); name = Containers; sourceTree = "<group>"; };
		084466A2BBDF7EF667263E6B = {isa = PBXGroup; children = (
					6E51ACF27A541254792B6891,
					AB174FBFF6D0BF832083BD70,
					B1FEB49DBA9BA3DE6C1E2197,
					340029BC088A8071F29CF7CB,
					8CFE702877EB4D887DF48FDF,
					9D24DA9B29DA0E294C2570A2, ); name = DSP; sourceTree = "<group>"; };
		4E5227F06817A455F3B919AB = {isa = PBXGroup; children = (
					86887FC76D731EA22F920835,
					873123984E6894756F92D29D,
					E135EB2F3498B2D0CDA2E037,
					084466A2BBDF7EF667263E6B,
					C1E89058EAE309ABD4732690,
					8EF6906D3B90D2CB1785C240,
					F20BF046367E9E6211885131,
					CFD5B67C1D789CAB39A9CC49,
					469BA64108D307E570C9E7A2, ); name = MobileMix; sourceTree = "<group>"; };
		A04B39CCE227B9A9F14E8281 = {isa = PBXGroup; children = (
					F40486353525FC269A74ACEC,
					D7FE6DE28CC7A72B2F1DFCA5,
					1A58ACD1145D9EF0BEC04DA9,
					BFD2B1F3C5870267C5E7A4AC,
					A00E1E5A0E31924CAC7A09D9,
					1AD4117AA9B9FA705BE5E1AD,
					EC6AA9884203BFFD1A7C81FE,
					7FF109EAD24E45C4ECF3DB55,
					EFAE43C1EBC42B22781F7FFF,
					12C2589A0A02556B3B26D958,
					8C4F88F02A12498AB30BBBDD,
					C8322E20F8F98B690607ABF7,
					47A19186A486B0B72E4ACBB6, ); name = "Juce Modules"; sourceTree = "<group>"; };
		E943F98A3DD5091D4FC391B8 = {isa = PBXGroup; children = (
					564BC65C35D1CCA9587345FA,
					3FDC65187ACF73BB3E3E9F24,
					011B429FDDE04A0ED66C49BC,
					99A1E06AB96B59C211D41F38,
					B8C7ABBA273135847BF31331,
					D4E00E6457D936E72AAEB274,
					09730A271AEFBC7910FE30F6,
					376693F85B8AE980C7D5FCF4,
					35AB1F5F9F8BDCC5E21C69CB,
					F7E48E39EDECA0F2A2BE895E,
					9489C365CC70F0E520482FAE,
					236A5AD49079F60087967583,
					F6E4779142B5521861A6C7DB,
					6467727DDE41DCCEE23530E6,
					F9ACA9756A8964F6E0C8246C,
					6E7112FB38EBC5CA706C36C2,
					E30DE61866DBA90076460139,
					927D28E647BF25EA83B3C986, ); name = "Juce Library Code"; sourceTree = "<group>"; };
		B8D793F61DE1FCC4A9122287 = {isa = PBXGroup; children = (
					AB4293AF63BD54B609E2F78E,
					FE6847B3D788F06B76159E4A,
					9A6C3ADDC925FDAB54153F5F, ); name = Resources; sourceTree = "<group>"; };
		E456BAFBF59D37B9E18EC8B5 = {isa = PBXGroup; children = (
					1338D22AE82635D06B82FB26,
					2349D44D286DC25B7AB0EEF9,
					A1369CF38B58CD82ED922741,
					87AF76DD1351DB2DFC5B7C60,
					D9F04A05BC31883AF022CE71,
					C26EDAFBD1A65D8AA5EB6675,
					FC6B201A5323E9007D535521,
					C0F68137C08CD8CF6650CF51,
					445578FBC03104A8A41A2FC9,
					C78B73AFECF073BF616F40C7,
					265B0A3CC6D28302FCE4395E,
					CE1374D090C1A97FB22C91EC,
					55D74953C897E10BBFBA8971, ); name = Frameworks; sourceTree = "<group>"; };
		1C0042FE144A2B929AB73E77 = {isa = PBXGroup; children = (
					50F2A868885FEF4AA7625058,
					CFD4C3771AB388DC1B7B45DA,
					7349A6C36738586589E65738, ); name = Products; sourceTree = "<group>"; };
		84597E6A7A811639665C9BD6 = {isa = PBXGroup; children = (
					867D2EBA31CD3A1E911A1986,
					4E5227F06817A455F3B919AB,
					A04B39CCE227B9A9F14E8281,
					E943F98A3DD5091D4FC391B8,
					B8D793F61DE1FCC4A9122287,
					E456BAFBF59D37B9E18EC8B5,
					1C0042FE144A2B929AB73E77, ); name = Source; sourceTree = "<group>"; };
		20533AC8FB0B56F1496B9F99 = {isa = XCBuildConfiguration; buildSettings = {
				MACOSX_DEPLOYMENT_TARGET = 10.11; }; name = Debug; };
		2A8D9D9C1903114ED3E75631 = {isa = XCBuildConfiguration; buildSettings = {
				MACOSX_DEPLOYMENT_TARGET = 10.11; }; name = Release; };
		81A2815A57DD1CBEFC95AB0B = {isa = XCBuildConfiguration; buildSettings = {
				ARCHS = "$(ARCHS_STANDARD_64_BIT)";
				CLANG_CXX_LANGUAGE_STANDARD = "c++1z";
				CLANG_LINK_OBJC_RUNTIME = NO;
				CODE_SIGN_ENTITLEMENTS = "MobileMix.entitlements";
				COMBINE_HIDPI_IMAGES = YES;
				CONFIGURATION_BUILD_DIR = "$(PROJECT_DIR)/build/$(CONFIGURATION)";
				COPY_PHASE_STRIP = NO;
				GCC_DYNAMIC_NO_PIC = NO;
				GCC_OPTIMIZATION_LEVEL = 0;
				GCC_PREPROCESSOR_DEFINITIONS = (
					"_DEBUG=1",
					"DEBUG=1",
					"JUCER_XCODE_MAC_F6D2F4CF=1",
					"JUCE_APP_VERSION=1.0.0",
					"JUCE_APP_VERSION_HEX=0x10000",
					"JucePlugin_Build_VST=0",
					"JucePlugin_Build_VST3=0",
					"JucePlugin_Build_AU=0",
					"JucePlugin_Build_AUv3=1",
					"JucePlugin_Build_RTAS=0",
					"JucePlugin_Build_AAX=0",
					"JucePlugin_Build_Standalone=0", );
				GCC_VERSION = com.apple.compilers.llvm.clang.1_0;
				HEADER_SEARCH_PATHS = ("../../JuceLibraryCode", "/Users/jonathon/Projects/MobileMix/External/JUCE/modules", "/Users/jonathon/Projects/MobileMix/External/JUCE/modules/juce_audio_plugin_client", "$(inherited)");
				INFOPLIST_FILE = Info-AUv3_AppExtension.plist;
				INFOPLIST_PREPROCESS = NO;
				MACOSX_DEPLOYMENT_TARGET = 10.11;
				MACOSX_DEPLOYMENT_TARGET_ppc = 10.4;
				OTHER_LDFLAGS = "-lMobileMix";
				PRODUCT_BUNDLE_IDENTIFIER = com.goataudio.MobileMix.MobileMixAUv3;
				SDKROOT_ppc = macosx10.5;
				USE_HEADERMAP = NO; }; name = Debug; };
		A72B786B02597F1D5F8EA24E = {isa = XCBuildConfiguration; buildSettings = {
				ARCHS = "$(ARCHS_STANDARD_64_BIT)";
				CLANG_CXX_LANGUAGE_STANDARD = "c++1z";
				CLANG_LINK_OBJC_RUNTIME = NO;
				CODE_SIGN_ENTITLEMENTS = "MobileMix.entitlements";
				COMBINE_HIDPI_IMAGES = YES;
				CONFIGURATION_BUILD_DIR = "$(PROJECT_DIR)/build/$(CONFIGURATION)";
				DEAD_CODE_STRIPPING = YES;
				GCC_GENERATE_DEBUGGING_SYMBOLS = NO;
				GCC_OPTIMIZATION_LEVEL = 3;
				GCC_PREPROCESSOR_DEFINITIONS = (
					"_NDEBUG=1",
					"NDEBUG=1",
					"JUCER_XCODE_MAC_F6D2F4CF=1",
					"JUCE_APP_VERSION=1.0.0",
					"JUCE_APP_VERSION_HEX=0x10000",
					"JucePlugin_Build_VST=0",
					"JucePlugin_Build_VST3=0",
					"JucePlugin_Build_AU=0",
					"JucePlugin_Build_AUv3=1",
					"JucePlugin_Build_RTAS=0",
					"JucePlugin_Build_AAX=0",
					"JucePlugin_Build_Standalone=0", );
				GCC_SYMBOLS_PRIVATE_EXTERN = YES;
				GCC_VERSION = com.apple.compilers.llvm.clang.1_0;
				HEADER_SEARCH_PATHS = ("../../JuceLibraryCode", "/Users/jonathon/Projects/MobileMix/External/JUCE/modules", "/Users/jonathon/Projects/MobileMix/External/JUCE/modules/juce_audio_plugin_client", "$(inherited)");
				INFOPLIST_FILE = Info-AUv3_AppExtension.plist;
				INFOPLIST_PREPROCESS = NO;
				MACOSX_DEPLOYMENT_TARGET = 10.11;
				MACOSX_DEPLOYMENT_TARGET_ppc = 10.4;
				OTHER_LDFLAGS = "-lMobileMix";
				PRODUCT_BUNDLE_IDENTIFIER = com.goataudio.MobileMix.MobileMixAUv3;
				SDKROOT_ppc = macosx10.5;
				USE_HEADERMAP = NO; }; name = Release; };
		1169AFFB68D3E252CE0A2652 = {isa = XCBuildConfiguration; buildSettings = {
				CLANG_CXX_LANGUAGE_STANDARD = "c++1z";
				CLANG_LINK_OBJC_RUNTIME = NO;
				COMBINE_HIDPI_IMAGES = YES;
				CONFIGURATION_BUILD_DIR = "$(PROJECT_DIR)/build/$(CONFIGURATION)";
				COPY_PHASE_STRIP = NO;
				GCC_DYNAMIC_NO_PIC = NO;
				GCC_OPTIMIZATION_LEVEL = 0;
				GCC_PREPROCESSOR_DEFINITIONS = (
					"_DEBUG=1",
					"DEBUG=1",
					"JUCER_XCODE_MAC_F6D2F4CF=1",
					"JUCE_APP_VERSION=1.0.0",
					"JUCE_APP_VERSION_HEX=0x10000",
					"JucePlugin_Build_VST=0",
					"JucePlugin_Build_VST3=0",
					"JucePlugin_Build_AU=0",
					"JucePlugin_Build_AUv3=0",
					"JucePlugin_Build_RTAS=0",
					"JucePlugin_Build_AAX=0",
					"JucePlugin_Build_Standalone=1", );
				GCC_VERSION = com.apple.compilers.llvm.clang.1_0;
				HEADER_SEARCH_PATHS = ("../../JuceLibraryCode", "/Users/jonathon/Projects/MobileMix/External/JUCE/modules", "/Users/jonathon/Projects/MobileMix/External/JUCE/modules/juce_audio_plugin_client", "$(inherited)");
				INFOPLIST_FILE = Info-Standalone_Plugin.plist;
				INFOPLIST_PREPROCESS = NO;
				MACOSX_DEPLOYMENT_TARGET = 10.11;
				MACOSX_DEPLOYMENT_TARGET_ppc = 10.4;
				OTHER_LDFLAGS = "-lMobileMix";
				PRODUCT_BUNDLE_IDENTIFIER = com.goataudio.MobileMix;
				SDKROOT_ppc = macosx10.5;
				USE_HEADERMAP = NO; }; name = Debug; };
		558360090F52228107FF3AFC = {isa = XCBuildConfiguration; buildSettings = {
				CLANG_CXX_LANGUAGE_STANDARD = "c++1z";
				CLANG_LINK_OBJC_RUNTIME = NO;
				COMBINE_HIDPI_IMAGES = YES;
				CONFIGURATION_BUILD_DIR = "$(PROJECT_DIR)/build/$(CONFIGURATION)";
				DEAD_CODE_STRIPPING = YES;
				GCC_GENERATE_DEBUGGING_SYMBOLS = NO;
				GCC_OPTIMIZATION_LEVEL = 3;
				GCC_PREPROCESSOR_DEFINITIONS = (
					"_NDEBUG=1",
					"NDEBUG=1",
					"JUCER_XCODE_MAC_F6D2F4CF=1",
					"JUCE_APP_VERSION=1.0.0",
					"JUCE_APP_VERSION_HEX=0x10000",
					"JucePlugin_Build_VST=0",
					"JucePlugin_Build_VST3=0",
					"JucePlugin_Build_AU=0",
					"JucePlugin_Build_AUv3=0",
					"JucePlugin_Build_RTAS=0",
					"JucePlugin_Build_AAX=0",
					"JucePlugin_Build_Standalone=1", );
				GCC_SYMBOLS_PRIVATE_EXTERN = YES;
				GCC_VERSION = com.apple.compilers.llvm.clang.1_0;
				HEADER_SEARCH_PATHS = ("../../JuceLibraryCode", "/Users/jonathon/Projects/MobileMix/External/JUCE/modules", "/Users/jonathon/Projects/MobileMix/External/JUCE/modules/juce_audio_plugin_client", "$(inherited)");
				INFOPLIST_FILE = Info-Standalone_Plugin.plist;
				INFOPLIST_PREPROCESS = NO;
				MACOSX_DEPLOYMENT_TARGET = 10.11;
				MACOSX_DEPLOYMENT_TARGET_ppc = 10.4;
				OTHER_LDFLAGS = "-lMobileMix";
				PRODUCT_BUNDLE_IDENTIFIER = com.goataudio.MobileMix;
				SDKROOT_ppc = macosx10.5;
				USE_HEADERMAP = NO; }; name = Release; };
		8B3C641BCFE23881FD87F302 = {isa = XCBuildConfiguration; buildSettings = {
				CLANG_CXX_LANGUAGE_STANDARD = "c++1z";
				CLANG_LINK_OBJC_RUNTIME = NO;
				COMBINE_HIDPI_IMAGES = YES;
				CONFIGURATION_BUILD_DIR = "$(PROJECT_DIR)/build/$(CONFIGURATION)";
				COPY_PHASE_STRIP = NO;
				GCC_DYNAMIC_NO_PIC = NO;
				GCC_OPTIMIZATION_LEVEL = 0;
				GCC_PREPROCESSOR_DEFINITIONS = (
					"_DEBUG=1",
					"DEBUG=1",
					"JUCER_XCODE_MAC_F6D2F4CF=1",
					"JUCE_APP_VERSION=1.0.0",
					"JUCE_APP_VERSION_HEX=0x10000",
					"JucePlugin_Build_VST=0",
					"JucePlugin_Build_VST3=0",
					"JucePlugin_Build_AU=0",
					"JucePlugin_Build_AUv3=1",
					"JucePlugin_Build_RTAS=0",
					"JucePlugin_Build_AAX=0",
					"JucePlugin_Build_Standalone=1",
					"JUCE_SHARED_CODE=1", );
				GCC_VERSION = com.apple.compilers.llvm.clang.1_0;
				HEADER_SEARCH_PATHS = ("../../JuceLibraryCode", "/Users/jonathon/Projects/MobileMix/External/JUCE/modules", "/Users/jonathon/Projects/MobileMix/External/JUCE/modules/juce_audio_plugin_client", "$(inherited)");
				INSTALL_PATH = "@executable_path/../Frameworks";
				MACOSX_DEPLOYMENT_TARGET = 10.11;
				MACOSX_DEPLOYMENT_TARGET_ppc = 10.4;
				PRODUCT_BUNDLE_IDENTIFIER = com.goataudio.MobileMix;
				SDKROOT_ppc = macosx10.5;
				USE_HEADERMAP = NO; }; name = Debug; };
		6E457C7B7EDB45E174E6AE63 = {isa = XCBuildConfiguration; buildSettings = {
				CLANG_CXX_LANGUAGE_STANDARD = "c++1z";
				CLANG_LINK_OBJC_RUNTIME = NO;
				COMBINE_HIDPI_IMAGES = YES;
				CONFIGURATION_BUILD_DIR = "$(PROJECT_DIR)/build/$(CONFIGURATION)";
				DEAD_CODE_STRIPPING = YES;
				GCC_GENERATE_DEBUGGING_SYMBOLS = NO;
				GCC_OPTIMIZATION_LEVEL = 3;
				GCC_PREPROCESSOR_DEFINITIONS = (
					"_NDEBUG=1",
					"NDEBUG=1",
					"JUCER_XCODE_MAC_F6D2F4CF=1",
					"JUCE_APP_VERSION=1.0.0",
					"JUCE_APP_VERSION_HEX=0x10000",
					"JucePlugin_Build_VST=0",
					"JucePlugin_Build_VST3=0",
					"JucePlugin_Build_AU=0",
					"JucePlugin_Build_AUv3=1",
					"JucePlugin_Build_RTAS=0",
					"JucePlugin_Build_AAX=0",
					"JucePlugin_Build_Standalone=1",
					"JUCE_SHARED_CODE=1", );
				GCC_SYMBOLS_PRIVATE_EXTERN = YES;
				GCC_VERSION = com.apple.compilers.llvm.clang.1_0;
				HEADER_SEARCH_PATHS = ("../../JuceLibraryCode", "/Users/jonathon/Projects/MobileMix/External/JUCE/modules", "/Users/jonathon/Projects/MobileMix/External/JUCE/modules/juce_audio_plugin_client", "$(inherited)");
				INSTALL_PATH = "@executable_path/../Frameworks";
				MACOSX_DEPLOYMENT_TARGET = 10.11;
				MACOSX_DEPLOYMENT_TARGET_ppc = 10.4;
				PRODUCT_BUNDLE_IDENTIFIER = com.goataudio.MobileMix;
				SDKROOT_ppc = macosx10.5;
				USE_HEADERMAP = NO; }; name = Release; };
		2920E596FD56155E990626C1 = {isa = XCBuildConfiguration; buildSettings = {
				ALWAYS_SEARCH_USER_PATHS = NO;
				CLANG_WARN_BLOCK_CAPTURE_AUTORELEASING = YES;
				CLANG_WARN_BOOL_CONVERSION = YES;
				CLANG_WARN_COMMA = YES;
				CLANG_WARN_CONSTANT_CONVERSION = YES;
				CLANG_WARN_EMPTY_BODY = YES;
				CLANG_WARN_ENUM_CONVERSION = YES;
				CLANG_WARN_INFINITE_RECURSION = YES;
				CLANG_WARN_INT_CONVERSION = YES;
				CLANG_WARN_NON_LITERAL_NULL_CONVERSION = YES;
				CLANG_WARN_OBJC_LITERAL_CONVERSION = YES;
				CLANG_WARN_RANGE_LOOP_ANALYSIS = YES;
				CLANG_WARN_STRICT_PROTOTYPES = YES;
				CLANG_WARN_SUSPICIOUS_MOVE = YES;
				CLANG_WARN_UNREACHABLE_CODE = YES;
				CLANG_WARN__DUPLICATE_METHOD_MATCH = YES;
				DEBUG_INFORMATION_FORMAT = "dwarf";
				ENABLE_STRICT_OBJC_MSGSEND = YES;
				ENABLE_TESTABILITY = YES;
				GCC_C_LANGUAGE_STANDARD = c11;
				GCC_INLINES_ARE_PRIVATE_EXTERN = YES;
				GCC_MODEL_TUNING = G5;
				GCC_NO_COMMON_BLOCKS = YES;
				GCC_WARN_64_TO_32_BIT_CONVERSION = YES;
				GCC_WARN_ABOUT_RETURN_TYPE = YES;
				GCC_WARN_CHECK_SWITCH_STATEMENTS = YES;
				GCC_WARN_MISSING_PARENTHESES = YES;
				GCC_WARN_NON_VIRTUAL_DESTRUCTOR = YES;
				GCC_WARN_TYPECHECK_CALLS_TO_PRINTF = YES;
				GCC_WARN_UNDECLARED_SELECTOR = YES;
				GCC_WARN_UNINITIALIZED_AUTOS = YES;
				GCC_WARN_UNUSED_FUNCTION = YES;
				GCC_WARN_UNUSED_VARIABLE = YES;
				ONLY_ACTIVE_ARCH = YES;
				PRODUCT_NAME = "MobileMix";
				WARNING_CFLAGS = -Wreorder;
				ZERO_LINK = NO; }; name = Debug; };
		5A6E0BF34F32BD9FB099CB35 = {isa = XCBuildConfiguration; buildSettings = {
				ALWAYS_SEARCH_USER_PATHS = NO;
				CLANG_WARN_BLOCK_CAPTURE_AUTORELEASING = YES;
				CLANG_WARN_BOOL_CONVERSION = YES;
				CLANG_WARN_COMMA = YES;
				CLANG_WARN_CONSTANT_CONVERSION = YES;
				CLANG_WARN_EMPTY_BODY = YES;
				CLANG_WARN_ENUM_CONVERSION = YES;
				CLANG_WARN_INFINITE_RECURSION = YES;
				CLANG_WARN_INT_CONVERSION = YES;
				CLANG_WARN_NON_LITERAL_NULL_CONVERSION = YES;
				CLANG_WARN_OBJC_LITERAL_CONVERSION = YES;
				CLANG_WARN_RANGE_LOOP_ANALYSIS = YES;
				CLANG_WARN_STRICT_PROTOTYPES = YES;
				CLANG_WARN_SUSPICIOUS_MOVE = YES;
				CLANG_WARN_UNREACHABLE_CODE = YES;
				CLANG_WARN__DUPLICATE_METHOD_MATCH = YES;
				DEBUG_INFORMATION_FORMAT = "dwarf";
				ENABLE_STRICT_OBJC_MSGSEND = YES;
				GCC_C_LANGUAGE_STANDARD = c11;
				GCC_INLINES_ARE_PRIVATE_EXTERN = YES;
				GCC_MODEL_TUNING = G5;
				GCC_NO_COMMON_BLOCKS = YES;
				GCC_WARN_64_TO_32_BIT_CONVERSION = YES;
				GCC_WARN_ABOUT_RETURN_TYPE = YES;
				GCC_WARN_CHECK_SWITCH_STATEMENTS = YES;
				GCC_WARN_MISSING_PARENTHESES = YES;
				GCC_WARN_NON_VIRTUAL_DESTRUCTOR = YES;
				GCC_WARN_TYPECHECK_CALLS_TO_PRINTF = YES;
				GCC_WARN_UNDECLARED_SELECTOR = YES;
				GCC_WARN_UNINITIALIZED_AUTOS = YES;
				GCC_WARN_UNUSED_FUNCTION = YES;
				GCC_WARN_UNUSED_VARIABLE = YES;
				PRODUCT_NAME = "MobileMix";
				WARNING_CFLAGS = -Wreorder;
				ZERO_LINK = NO; }; name = Release; };
		C709DF1DAEFC7B1E825DF846 = {isa = PBXTargetDependency; target = 0DE56796EF92E40B478A62FF; };
		389773303B503EF984D5030A = {isa = PBXTargetDependency; target = 8D0DA684FC754851392B6D75; };
		2A023F9701DAB4A07E0D90D9 = {isa = PBXTargetDependency; target = 447A566CF8339B49CC1DCC8D; };
		BF266FB6E6EE6E43C1382101 = {isa = XCConfigurationList; buildConfigurations = (
					2920E596FD56155E990626C1,
					5A6E0BF34F32BD9FB099CB35, ); defaultConfigurationIsVisible = 0; defaultConfigurationName = Debug; };
		3C9A9E52F86ED7A2B20CED1E = {isa = XCConfigurationList; buildConfigurations = (
					20533AC8FB0B56F1496B9F99,
					2A8D9D9C1903114ED3E75631, ); defaultConfigurationIsVisible = 0; defaultConfigurationName = Debug; };
		A7178F6070300AEEAA687D38 = {isa = PBXAggregateTarget; buildConfigurationList = 3C9A9E52F86ED7A2B20CED1E; buildPhases = (  ); buildRules = ( ); dependencies = (
					C709DF1DAEFC7B1E825DF846,
					389773303B503EF984D5030A,
					2A023F9701DAB4A07E0D90D9, ); name = "MobileMix - All"; productName = MobileMix; };
		0D78CB19C72CC4288B49BC0C = {isa = XCConfigurationList; buildConfigurations = (
					81A2815A57DD1CBEFC95AB0B,
					A72B786B02597F1D5F8EA24E, ); defaultConfigurationIsVisible = 0; defaultConfigurationName = Debug; };
		EC0378FB0ED3AA6BFA4BD293 = {isa = PBXSourcesBuildPhase; buildActionMask = 2147483647; files = (
					BD724BD40F1511050A19FE0D, ); runOnlyForDeploymentPostprocessing = 0; };
		F262C0D9BF243DF8560D7F11 = {isa = PBXFrameworksBuildPhase; buildActionMask = 2147483647; files = (
					2F82228913A3B5881ACB109E,
					E8E95896681F37005B34C867,
					3377AB94DF4385402E7F52E9,
					EB988020185ED35628751A59,
					0EB3676A79A5C905D24C7A35,
					0F10EAF514F5A34634BE1F8A,
					70F2CDE50C12AEA2FE393FBD,
					8E7854093321DDF0C43F9A4F,
					1E26C0FD9AAB215F5DBC1984,
					C96A628BCB5A55E979D45516,
					44360B1F133B1361B87A6428,
					814C4F7E2BC187872BEE32C6,
					37A06558530131F28D668C42, ); runOnlyForDeploymentPostprocessing = 0; };
		0DE56796EF92E40B478A62FF = {isa = PBXNativeTarget; buildConfigurationList = 0D78CB19C72CC4288B49BC0C; buildPhases = (
					EC0378FB0ED3AA6BFA4BD293,
					F262C0D9BF243DF8560D7F11, ); buildRules = ( ); dependencies = (
					2A023F9701DAB4A07E0D90D9, ); name = "MobileMix - AUv3 AppExtension"; productName = MobileMix; productReference = 50F2A868885FEF4AA7625058; productType = "com.apple.product-type.app-extension"; };
		AB3E14F6A1E8FE996167E551 = {isa = XCConfigurationList; buildConfigurations = (
					1169AFFB68D3E252CE0A2652,
					558360090F52228107FF3AFC, ); defaultConfigurationIsVisible = 0; defaultConfigurationName = Debug; };
		1B3BDBC5AD7513498D1163BA = {isa = PBXResourcesBuildPhase; buildActionMask = 2147483647; files = (
					AC64ABD1A35970A313B8F7FC, ); runOnlyForDeploymentPostprocessing = 0; };
		9B700CC6B4C5C9E8DBBD3AAE = {isa = PBXSourcesBuildPhase; buildActionMask = 2147483647; files = (
					1DA73AEC0C0D39F689747806, ); runOnlyForDeploymentPostprocessing = 0; };
		6E50C22EFC3B738466242545 = {isa = PBXFrameworksBuildPhase; buildActionMask = 2147483647; files = (
					2F82228913A3B5881ACB109E,
					E8E95896681F37005B34C867,
					0EB3676A79A5C905D24C7A35,
					0F10EAF514F5A34634BE1F8A,
					70F2CDE50C12AEA2FE393FBD,
					1E26C0FD9AAB215F5DBC1984,
					C96A628BCB5A55E979D45516,
					44360B1F133B1361B87A6428,
					814C4F7E2BC187872BEE32C6,
					37A06558530131F28D668C42, ); runOnlyForDeploymentPostprocessing = 0; };
		0F6A67A491781FBD9E159FC4 = {isa = PBXCopyFilesBuildPhase; buildActionMask = 2147483647; files = (
					CD3E679DC1C00F2C32534E4A, ); runOnlyForDeploymentPostprocessing = 0; name = "Embed App Extensions"; dstPath = ""; dstSubfolderSpec = 13; };
		8D0DA684FC754851392B6D75 = {isa = PBXNativeTarget; buildConfigurationList = AB3E14F6A1E8FE996167E551; buildPhases = (
					1B3BDBC5AD7513498D1163BA,
					9B700CC6B4C5C9E8DBBD3AAE,
					6E50C22EFC3B738466242545,
					0F6A67A491781FBD9E159FC4, ); buildRules = ( ); dependencies = (
					C709DF1DAEFC7B1E825DF846,
					2A023F9701DAB4A07E0D90D9, ); name = "MobileMix - Standalone Plugin"; productName = MobileMix; productReference = CFD4C3771AB388DC1B7B45DA; productType = "com.apple.product-type.application"; };
		69C7F59101FB9AED4FD5DB2A = {isa = XCConfigurationList; buildConfigurations = (
					8B3C641BCFE23881FD87F302,
					6E457C7B7EDB45E174E6AE63, ); defaultConfigurationIsVisible = 0; defaultConfigurationName = Debug; };
		C32068B8C57A3586A3EE00D1 = {isa = PBXSourcesBuildPhase; buildActionMask = 2147483647; files = (
					8BC345901C20E57AF4C52534,
					B941A465F72D920CB3016260,
					AA3CCAC932C099291F2DAD47,
					C98DB73DF8AE6BF2E74F4641,
					5B67B5C7CAD02F1AC50243E7,
					46CBD5E49E69A38243318C12,
					66744A1EBF2F9237CCE8E966,
					CCD09A618D0171AB0125DCD0,
					6B27634DD610CA1F4ADBBC5C,
					E646359C70849F131D57F002,
					EBD09CDF59BAE55E483A715E,
					FC88EEEB327ADE7B8C39F7F5,
					39AC38520AE20E128B2D2E4A,
					827E201552C8CD48DE44D8DE,
					58160057CBC79CFEC95A2B48,
					2730CEEEA9C32E6D9847A404,
					E945252425E20BF72CF16DB1,
					FB3F6AC66514A6563A5D71D1,
					4446372518FA43789BCC9CA6,
					CFF63788CF0A441BA9802375,
					2A871480000FF0A4FBA8003B,
					4C0C1BD6027D660D538FA24F,
					E84B0ECFB54E200115641574,
					8FEAE4196F98DB9307D52AF6,
					42D697848D6375159D1BE6FD,
					304B30C1E15F6E112CFAACE1,
					16368E48A7244BB073868021, ); runOnlyForDeploymentPostprocessing = 0; };
		447A566CF8339B49CC1DCC8D = {isa = PBXNativeTarget; buildConfigurationList = 69C7F59101FB9AED4FD5DB2A; buildPhases = (
					C32068B8C57A3586A3EE00D1, ); buildRules = ( ); dependencies = (  ); name = "MobileMix - Shared Code"; productName = MobileMix; productReference = 7349A6C36738586589E65738; productType = "com.apple.product-type.library.static"; };
		AE8AAA7416DFC342125B3073 = {isa = PBXProject; buildConfigurationList = BF266FB6E6EE6E43C1382101; attributes = { LastUpgradeCheck = 0830; TargetAttributes = { A7178F6070300AEEAA687D38 = { SystemCapabilities = {com.apple.ApplicationGroups.iOS = { enabled = 0; }; com.apple.InAppPurchase = { enabled = 0; }; com.apple.InterAppAudio = { enabled = 0; }; com.apple.Push = { enabled = 0; }; com.apple.Sandbox = { enabled = 0; }; }; };0DE56796EF92E40B478A62FF = { SystemCapabilities = {com.apple.ApplicationGroups.iOS = { enabled = 0; }; com.apple.InAppPurchase = { enabled = 0; }; com.apple.InterAppAudio = { enabled = 0; }; com.apple.Push = { enabled = 0; }; com.apple.Sandbox = { enabled = 1; }; }; };8D0DA684FC754851392B6D75 = { SystemCapabilities = {com.apple.ApplicationGroups.iOS = { enabled = 0; }; com.apple.InAppPurchase = { enabled = 0; }; com.apple.InterAppAudio = { enabled = 0; }; com.apple.Push = { enabled = 0; }; com.apple.Sandbox = { enabled = 0; }; }; };447A566CF8339B49CC1DCC8D = { SystemCapabilities = {com.apple.ApplicationGroups.iOS = { enabled = 0; }; com.apple.InAppPurchase = { enabled = 0; }; com.apple.InterAppAudio = { enabled = 0; }; com.apple.Push = { enabled = 0; }; com.apple.Sandbox = { enabled = 0; }; }; }; }; }; compatibilityVersion = "Xcode 3.2"; hasScannedForEncodings = 0; mainGroup = 84597E6A7A811639665C9BD6; projectDirPath = ""; projectRoot = ""; targets = (A7178F6070300AEEAA687D38, 0DE56796EF92E40B478A62FF, 8D0DA684FC754851392B6D75, 447A566CF8339B49CC1DCC8D); };
	};
	rootObject = AE8AAA7416DFC342125B3073;
}
